{
  "name": "project-pulse",
  "version": "0.4.0",
  "lockfileVersion": 3,
  "requires": true,
  "packages": {
    "": {
      "name": "project-pulse",
      "version": "0.4.0",
      "license": "MIT",
      "bin": {
        "project-pulse": "src/cli.js"
      },
      "engines": {
        "node": ">=20"
      }
    }
  }
}
